
Microsoft Visual Studio Solution File, Format Version 12.00
# Visual Studio Version 16
VisualStudioVersion = 16.0.33927.289
MinimumVisualStudioVersion = 10.0.40219.1
Project("{2150E333-8FDC-42A3-9474-1A3956D46DE8}") = "Task0", "Task0", "{31AB5361-DF6C-43A3-AD16-75FE30AC0934}"
EndProject
Project("{FAE04EC0-301F-11D3-BF4B-00C04F79EFBC}") = "Tyuiu.KornilovKA.Sprint1.Task0.V27", "Tyuiu.KornilovKA.Sprint1.Task0.V27\Tyuiu.KornilovKA.Sprint1.Task0.V27.csproj", "{A785ED80-4F47-4F5D-84F4-ADF8BB6082E7}"
EndProject
Project("{FAE04EC0-301F-11D3-BF4B-00C04F79EFBC}") = "Tyuiu.KornilovKA.Sprint1.Task0.V27.Lib", "Tyuiu.KornilovKA.Sprint1.Task0.V27.Lib\Tyuiu.KornilovKA.Sprint1.Task0.V27.Lib.csproj", "{3294D0F1-9680-478F-A2DB-3374E2248EE8}"
EndProject
Project("{FAE04EC0-301F-11D3-BF4B-00C04F79EFBC}") = "Tyuiu.KornilovKA.Sprint1.Task0.V27.Test", "Tyuiu.KornilovKA.Sprint1.Task0.V27.Test\Tyuiu.KornilovKA.Sprint1.Task0.V27.Test.csproj", "{17AFAC0D-E9BF-4808-B1B3-7A8A8F9A824A}"
EndProject
Project("{2150E333-8FDC-42A3-9474-1A3956D46DE8}") = "Task1", "Task1", "{D26591F6-E888-4F9E-A787-C73D079EF13B}"
EndProject
Project("{FAE04EC0-301F-11D3-BF4B-00C04F79EFBC}") = "Tyuiu.KornilovKA.Sprint1.Task1.V14", "Tyuiu.KornilovKA.Sprint1.Task1.V14\Tyuiu.KornilovKA.Sprint1.Task1.V14.csproj", "{17198076-35BC-439F-BDB2-9AD85E1DEECC}"
EndProject
Project("{FAE04EC0-301F-11D3-BF4B-00C04F79EFBC}") = "Tyuiu.KornilovKA.Sprint1.Task1.V14.Lib", "Tyuiu.KornilovKA.Sprint1.Task1.V14.Lib\Tyuiu.KornilovKA.Sprint1.Task1.V14.Lib.csproj", "{4F6D33D4-D861-483C-8224-15BA2C21C1D5}"
EndProject
Project("{FAE04EC0-301F-11D3-BF4B-00C04F79EFBC}") = "Tyuiu.KornilovKA.Sprint1.Task1.V14.Test", "Tyuiu.KornilovKA.Sprint1.Task1.V14.Test\Tyuiu.KornilovKA.Sprint1.Task1.V14.Test.csproj", "{D33ED291-B748-40BD-86A6-6B78DABC49C3}"
EndProject
Project("{2150E333-8FDC-42A3-9474-1A3956D46DE8}") = "Task2", "Task2", "{DD738AC0-7718-45BB-8407-CCAF1A97AF91}"
EndProject
Project("{FAE04EC0-301F-11D3-BF4B-00C04F79EFBC}") = "Tyuiu.KornilovKA.Sprint1.Task2.V28", "Tyuiu.KornilovKA.Sprint1.Task2.V28\Tyuiu.KornilovKA.Sprint1.Task2.V28.csproj", "{246D9634-059E-4663-B13D-D152AB1632E3}"
EndProject
Project("{FAE04EC0-301F-11D3-BF4B-00C04F79EFBC}") = "Tyuiu.KornilovKA.Sprint1.Task2.V28.Lib", "Tyuiu.KornilovKA.Sprint1.Task2.V28.Lib\Tyuiu.KornilovKA.Sprint1.Task2.V28.Lib.csproj", "{0B0613D7-23A2-425D-838F-2ED69EC4A04C}"
EndProject
Project("{FAE04EC0-301F-11D3-BF4B-00C04F79EFBC}") = "Tyuiu.KornilovKA.Sprint1.Task2.V28.Test", "Tyuiu.KornilovKA.Sprint1.Task2.V28.Test\Tyuiu.KornilovKA.Sprint1.Task2.V28.Test.csproj", "{B696D8C3-315B-4318-9CF4-C07169629A59}"
EndProject
Project("{2150E333-8FDC-42A3-9474-1A3956D46DE8}") = "Task3", "Task3", "{D3D61D9F-7BC2-4D33-B920-CD95BA0DF66A}"
EndProject
Project("{FAE04EC0-301F-11D3-BF4B-00C04F79EFBC}") = "Tyuiu.KornilovKA.Sprint1.Task3.V11", "Tyuiu.KornilovKA.Sprint1.Task3.V11\Tyuiu.KornilovKA.Sprint1.Task3.V11.csproj", "{75F28AE9-6E91-4A29-985B-23B2A6DB3501}"
EndProject
Project("{FAE04EC0-301F-11D3-BF4B-00C04F79EFBC}") = "Tyuiu.KornilovKA.Sprint1.Task3.V11.Lib", "Tyuiu.KornilovKA.Sprint1.Task3.V11.Lib\Tyuiu.KornilovKA.Sprint1.Task3.V11.Lib.csproj", "{5B778CC9-2C90-4482-832C-E513B8F42C0A}"
EndProject
Project("{FAE04EC0-301F-11D3-BF4B-00C04F79EFBC}") = "Tyuiu.KornilovKA.Sprint1.Task3.V11.Test", "Tyuiu.KornilovKA.Sprint1.Task3.V11.Test\Tyuiu.KornilovKA.Sprint1.Task3.V11.Test.csproj", "{CB0DE706-5EF7-492F-A0F6-F1DCD8C56BE1}"
EndProject
Project("{2150E333-8FDC-42A3-9474-1A3956D46DE8}") = "Task4", "Task4", "{C677C9FF-CC16-48F7-B85B-FBDA0151EF78}"
EndProject
Project("{FAE04EC0-301F-11D3-BF4B-00C04F79EFBC}") = "Tyuiu.KornilovKA.Sprint1.Task4.V25", "Tyuiu.KornilovKA.Sprint1.Task4.V25\Tyuiu.KornilovKA.Sprint1.Task4.V25.csproj", "{AD349347-8649-46DD-8373-28A529766064}"
EndProject
Project("{FAE04EC0-301F-11D3-BF4B-00C04F79EFBC}") = "Tyuiu.KornilovKA.Sprint1.Task4.V25.Lib", "Tyuiu.KornilovKA.Sprint1.Task4.V25.Lib\Tyuiu.KornilovKA.Sprint1.Task4.V25.Lib.csproj", "{0800ABA4-E577-415A-A188-058E47C4B18F}"
EndProject
Project("{FAE04EC0-301F-11D3-BF4B-00C04F79EFBC}") = "Tyuiu.KornilovKA.Sprint1.Task4.V25.Test", "Tyuiu.KornilovKA.Sprint1.Task4.V25.Test\Tyuiu.KornilovKA.Sprint1.Task4.V25.Test.csproj", "{E68580EB-1223-4085-B464-8F7D4A0588DD}"
EndProject
Project("{2150E333-8FDC-42A3-9474-1A3956D46DE8}") = "Task5", "Task5", "{68CCE8A5-E417-477F-8C3B-97744952A706}"
EndProject
Project("{FAE04EC0-301F-11D3-BF4B-00C04F79EFBC}") = "Tyuiu.KornilovKA.Sprint1.Task5.V2", "Tyuiu.KornilovKA.Sprint1.Task5.V2\Tyuiu.KornilovKA.Sprint1.Task5.V2.csproj", "{57404132-92B8-469A-B00E-05CCBFFBD635}"
EndProject
Project("{FAE04EC0-301F-11D3-BF4B-00C04F79EFBC}") = "Tyuiu.KornilovKA.Sprint1.Task5.V2.Lib", "Tyuiu.KornilovKA.Sprint1.Task5.V2.Lib\Tyuiu.KornilovKA.Sprint1.Task5.V2.Lib.csproj", "{8AFAD894-032F-447B-86DF-29495781E11A}"
EndProject
Project("{FAE04EC0-301F-11D3-BF4B-00C04F79EFBC}") = "Tyuiu.KornilovKA.Sprint1.Task5.V2.Test", "Tyuiu.KornilovKA.Sprint1.Task5.V2.Test\Tyuiu.KornilovKA.Sprint1.Task5.V2.Test.csproj", "{1D336200-F06F-49EE-AADD-5D776DBADBD1}"
EndProject
Global
	GlobalSection(SolutionConfigurationPlatforms) = preSolution
		Debug|Any CPU = Debug|Any CPU
		Release|Any CPU = Release|Any CPU
	EndGlobalSection
	GlobalSection(ProjectConfigurationPlatforms) = postSolution
		{A785ED80-4F47-4F5D-84F4-ADF8BB6082E7}.Debug|Any CPU.ActiveCfg = Debug|Any CPU
		{A785ED80-4F47-4F5D-84F4-ADF8BB6082E7}.Debug|Any CPU.Build.0 = Debug|Any CPU
		{A785ED80-4F47-4F5D-84F4-ADF8BB6082E7}.Release|Any CPU.ActiveCfg = Release|Any CPU
		{A785ED80-4F47-4F5D-84F4-ADF8BB6082E7}.Release|Any CPU.Build.0 = Release|Any CPU
		{3294D0F1-9680-478F-A2DB-3374E2248EE8}.Debug|Any CPU.ActiveCfg = Debug|Any CPU
		{3294D0F1-9680-478F-A2DB-3374E2248EE8}.Debug|Any CPU.Build.0 = Debug|Any CPU
		{3294D0F1-9680-478F-A2DB-3374E2248EE8}.Release|Any CPU.ActiveCfg = Release|Any CPU
		{3294D0F1-9680-478F-A2DB-3374E2248EE8}.Release|Any CPU.Build.0 = Release|Any CPU
		{17AFAC0D-E9BF-4808-B1B3-7A8A8F9A824A}.Debug|Any CPU.ActiveCfg = Debug|Any CPU
		{17AFAC0D-E9BF-4808-B1B3-7A8A8F9A824A}.Debug|Any CPU.Build.0 = Debug|Any CPU
		{17AFAC0D-E9BF-4808-B1B3-7A8A8F9A824A}.Release|Any CPU.ActiveCfg = Release|Any CPU
		{17AFAC0D-E9BF-4808-B1B3-7A8A8F9A824A}.Release|Any CPU.Build.0 = Release|Any CPU
		{17198076-35BC-439F-BDB2-9AD85E1DEECC}.Debug|Any CPU.ActiveCfg = Debug|Any CPU
		{17198076-35BC-439F-BDB2-9AD85E1DEECC}.Debug|Any CPU.Build.0 = Debug|Any CPU
		{17198076-35BC-439F-BDB2-9AD85E1DEECC}.Release|Any CPU.ActiveCfg = Release|Any CPU
		{17198076-35BC-439F-BDB2-9AD85E1DEECC}.Release|Any CPU.Build.0 = Release|Any CPU
		{4F6D33D4-D861-483C-8224-15BA2C21C1D5}.Debug|Any CPU.ActiveCfg = Debug|Any CPU
		{4F6D33D4-D861-483C-8224-15BA2C21C1D5}.Debug|Any CPU.Build.0 = Debug|Any CPU
		{4F6D33D4-D861-483C-8224-15BA2C21C1D5}.Release|Any CPU.ActiveCfg = Release|Any CPU
		{4F6D33D4-D861-483C-8224-15BA2C21C1D5}.Release|Any CPU.Build.0 = Release|Any CPU
		{D33ED291-B748-40BD-86A6-6B78DABC49C3}.Debug|Any CPU.ActiveCfg = Debug|Any CPU
		{D33ED291-B748-40BD-86A6-6B78DABC49C3}.Debug|Any CPU.Build.0 = Debug|Any CPU
		{D33ED291-B748-40BD-86A6-6B78DABC49C3}.Release|Any CPU.ActiveCfg = Release|Any CPU
		{D33ED291-B748-40BD-86A6-6B78DABC49C3}.Release|Any CPU.Build.0 = Release|Any CPU
		{246D9634-059E-4663-B13D-D152AB1632E3}.Debug|Any CPU.ActiveCfg = Debug|Any CPU
		{246D9634-059E-4663-B13D-D152AB1632E3}.Debug|Any CPU.Build.0 = Debug|Any CPU
		{246D9634-059E-4663-B13D-D152AB1632E3}.Release|Any CPU.ActiveCfg = Release|Any CPU
		{246D9634-059E-4663-B13D-D152AB1632E3}.Release|Any CPU.Build.0 = Release|Any CPU
		{0B0613D7-23A2-425D-838F-2ED69EC4A04C}.Debug|Any CPU.ActiveCfg = Debug|Any CPU
		{0B0613D7-23A2-425D-838F-2ED69EC4A04C}.Debug|Any CPU.Build.0 = Debug|Any CPU
		{0B0613D7-23A2-425D-838F-2ED69EC4A04C}.Release|Any CPU.ActiveCfg = Release|Any CPU
		{0B0613D7-23A2-425D-838F-2ED69EC4A04C}.Release|Any CPU.Build.0 = Release|Any CPU
		{B696D8C3-315B-4318-9CF4-C07169629A59}.Debug|Any CPU.ActiveCfg = Debug|Any CPU
		{B696D8C3-315B-4318-9CF4-C07169629A59}.Debug|Any CPU.Build.0 = Debug|Any CPU
		{B696D8C3-315B-4318-9CF4-C07169629A59}.Release|Any CPU.ActiveCfg = Release|Any CPU
		{B696D8C3-315B-4318-9CF4-C07169629A59}.Release|Any CPU.Build.0 = Release|Any CPU
		{75F28AE9-6E91-4A29-985B-23B2A6DB3501}.Debug|Any CPU.ActiveCfg = Debug|Any CPU
		{75F28AE9-6E91-4A29-985B-23B2A6DB3501}.Debug|Any CPU.Build.0 = Debug|Any CPU
		{75F28AE9-6E91-4A29-985B-23B2A6DB3501}.Release|Any CPU.ActiveCfg = Release|Any CPU
		{75F28AE9-6E91-4A29-985B-23B2A6DB3501}.Release|Any CPU.Build.0 = Release|Any CPU
		{5B778CC9-2C90-4482-832C-E513B8F42C0A}.Debug|Any CPU.ActiveCfg = Debug|Any CPU
		{5B778CC9-2C90-4482-832C-E513B8F42C0A}.Debug|Any CPU.Build.0 = Debug|Any CPU
		{5B778CC9-2C90-4482-832C-E513B8F42C0A}.Release|Any CPU.ActiveCfg = Release|Any CPU
		{5B778CC9-2C90-4482-832C-E513B8F42C0A}.Release|Any CPU.Build.0 = Release|Any CPU
		{CB0DE706-5EF7-492F-A0F6-F1DCD8C56BE1}.Debug|Any CPU.ActiveCfg = Debug|Any CPU
		{CB0DE706-5EF7-492F-A0F6-F1DCD8C56BE1}.Debug|Any CPU.Build.0 = Debug|Any CPU
		{CB0DE706-5EF7-492F-A0F6-F1DCD8C56BE1}.Release|Any CPU.ActiveCfg = Release|Any CPU
		{CB0DE706-5EF7-492F-A0F6-F1DCD8C56BE1}.Release|Any CPU.Build.0 = Release|Any CPU
		{AD349347-8649-46DD-8373-28A529766064}.Debug|Any CPU.ActiveCfg = Debug|Any CPU
		{AD349347-8649-46DD-8373-28A529766064}.Debug|Any CPU.Build.0 = Debug|Any CPU
		{AD349347-8649-46DD-8373-28A529766064}.Release|Any CPU.ActiveCfg = Release|Any CPU
		{AD349347-8649-46DD-8373-28A529766064}.Release|Any CPU.Build.0 = Release|Any CPU
		{0800ABA4-E577-415A-A188-058E47C4B18F}.Debug|Any CPU.ActiveCfg = Debug|Any CPU
		{0800ABA4-E577-415A-A188-058E47C4B18F}.Debug|Any CPU.Build.0 = Debug|Any CPU
		{0800ABA4-E577-415A-A188-058E47C4B18F}.Release|Any CPU.ActiveCfg = Release|Any CPU
		{0800ABA4-E577-415A-A188-058E47C4B18F}.Release|Any CPU.Build.0 = Release|Any CPU
		{E68580EB-1223-4085-B464-8F7D4A0588DD}.Debug|Any CPU.ActiveCfg = Debug|Any CPU
		{E68580EB-1223-4085-B464-8F7D4A0588DD}.Debug|Any CPU.Build.0 = Debug|Any CPU
		{E68580EB-1223-4085-B464-8F7D4A0588DD}.Release|Any CPU.ActiveCfg = Release|Any CPU
		{E68580EB-1223-4085-B464-8F7D4A0588DD}.Release|Any CPU.Build.0 = Release|Any CPU
		{57404132-92B8-469A-B00E-05CCBFFBD635}.Debug|Any CPU.ActiveCfg = Debug|Any CPU
		{57404132-92B8-469A-B00E-05CCBFFBD635}.Debug|Any CPU.Build.0 = Debug|Any CPU
		{57404132-92B8-469A-B00E-05CCBFFBD635}.Release|Any CPU.ActiveCfg = Release|Any CPU
		{57404132-92B8-469A-B00E-05CCBFFBD635}.Release|Any CPU.Build.0 = Release|Any CPU
		{8AFAD894-032F-447B-86DF-29495781E11A}.Debug|Any CPU.ActiveCfg = Debug|Any CPU
		{8AFAD894-032F-447B-86DF-29495781E11A}.Debug|Any CPU.Build.0 = Debug|Any CPU
		{8AFAD894-032F-447B-86DF-29495781E11A}.Release|Any CPU.ActiveCfg = Release|Any CPU
		{8AFAD894-032F-447B-86DF-29495781E11A}.Release|Any CPU.Build.0 = Release|Any CPU
		{1D336200-F06F-49EE-AADD-5D776DBADBD1}.Debug|Any CPU.ActiveCfg = Debug|Any CPU
		{1D336200-F06F-49EE-AADD-5D776DBADBD1}.Debug|Any CPU.Build.0 = Debug|Any CPU
		{1D336200-F06F-49EE-AADD-5D776DBADBD1}.Release|Any CPU.ActiveCfg = Release|Any CPU
		{1D336200-F06F-49EE-AADD-5D776DBADBD1}.Release|Any CPU.Build.0 = Release|Any CPU
	EndGlobalSection
	GlobalSection(SolutionProperties) = preSolution
		HideSolutionNode = FALSE
	EndGlobalSection
	GlobalSection(NestedProjects) = preSolution
		{A785ED80-4F47-4F5D-84F4-ADF8BB6082E7} = {31AB5361-DF6C-43A3-AD16-75FE30AC0934}
		{3294D0F1-9680-478F-A2DB-3374E2248EE8} = {31AB5361-DF6C-43A3-AD16-75FE30AC0934}
		{17AFAC0D-E9BF-4808-B1B3-7A8A8F9A824A} = {31AB5361-DF6C-43A3-AD16-75FE30AC0934}
		{17198076-35BC-439F-BDB2-9AD85E1DEECC} = {D26591F6-E888-4F9E-A787-C73D079EF13B}
		{4F6D33D4-D861-483C-8224-15BA2C21C1D5} = {D26591F6-E888-4F9E-A787-C73D079EF13B}
		{D33ED291-B748-40BD-86A6-6B78DABC49C3} = {D26591F6-E888-4F9E-A787-C73D079EF13B}
		{246D9634-059E-4663-B13D-D152AB1632E3} = {DD738AC0-7718-45BB-8407-CCAF1A97AF91}
		{0B0613D7-23A2-425D-838F-2ED69EC4A04C} = {DD738AC0-7718-45BB-8407-CCAF1A97AF91}
		{B696D8C3-315B-4318-9CF4-C07169629A59} = {DD738AC0-7718-45BB-8407-CCAF1A97AF91}
		{75F28AE9-6E91-4A29-985B-23B2A6DB3501} = {D3D61D9F-7BC2-4D33-B920-CD95BA0DF66A}
		{5B778CC9-2C90-4482-832C-E513B8F42C0A} = {D3D61D9F-7BC2-4D33-B920-CD95BA0DF66A}
		{CB0DE706-5EF7-492F-A0F6-F1DCD8C56BE1} = {D3D61D9F-7BC2-4D33-B920-CD95BA0DF66A}
		{AD349347-8649-46DD-8373-28A529766064} = {C677C9FF-CC16-48F7-B85B-FBDA0151EF78}
		{0800ABA4-E577-415A-A188-058E47C4B18F} = {C677C9FF-CC16-48F7-B85B-FBDA0151EF78}
		{E68580EB-1223-4085-B464-8F7D4A0588DD} = {C677C9FF-CC16-48F7-B85B-FBDA0151EF78}
		{57404132-92B8-469A-B00E-05CCBFFBD635} = {68CCE8A5-E417-477F-8C3B-97744952A706}
		{8AFAD894-032F-447B-86DF-29495781E11A} = {68CCE8A5-E417-477F-8C3B-97744952A706}
		{1D336200-F06F-49EE-AADD-5D776DBADBD1} = {68CCE8A5-E417-477F-8C3B-97744952A706}
	EndGlobalSection
	GlobalSection(ExtensibilityGlobals) = postSolution
		SolutionGuid = {44EB4CF5-8A0E-4DA2-8321-E69879DD6CB8}
	EndGlobalSection
EndGlobal
